// !$*UTF8*$!
{
	archiveVersion = 1;
	classes = {
	};
	objectVersion = 46;
	objects = {

/* Begin PBXBuildFile section */
		AA95B73D1BB6C91A00D6555C /* AppDelegate.swift in Sources */ = {isa = PBXBuildFile; fileRef = AA95B73C1BB6C91A00D6555C /* AppDelegate.swift */; };
		AA95B73F1BB6C91A00D6555C /* ViewController.swift in Sources */ = {isa = PBXBuildFile; fileRef = AA95B73E1BB6C91A00D6555C /* ViewController.swift */; };
		AA95B7421BB6C91A00D6555C /* Main.storyboard in Resources */ = {isa = PBXBuildFile; fileRef = AA95B7401BB6C91A00D6555C /* Main.storyboard */; };
		AA95B7441BB6C91A00D6555C /* Assets.xcassets in Resources */ = {isa = PBXBuildFile; fileRef = AA95B7431BB6C91A00D6555C /* Assets.xcassets */; };
		AA95B7471BB6C91A00D6555C /* LaunchScreen.storyboard in Resources */ = {isa = PBXBuildFile; fileRef = AA95B7451BB6C91A00D6555C /* LaunchScreen.storyboard */; };
/* End PBXBuildFile section */

/* Begin PBXFileReference section */
		AA95B7391BB6C91A00D6555C /* Color Changer.app */ = {isa = PBXFileReference; explicitFileType = wrapper.application; includeInIndex = 0; path = "Color Changer.app"; sourceTree = BUILT_PRODUCTS_DIR; };
		AA95B73C1BB6C91A00D6555C /* AppDelegate.swift */ = {isa = PBXFileReference; lastKnownFileType = sourcecode.swift; path = AppDelegate.swift; sourceTree = "<group>"; };
		AA95B73E1BB6C91A00D6555C /* ViewController.swift */ = {isa = PBXFileReference; lastKnownFileType = sourcecode.swift; path = ViewController.swift; sourceTree = "<group>"; };
		AA95B7411BB6C91A00D6555C /* Base */ = {isa = PBXFileReference; lastKnownFileType = file.storyboard; name = Base; path = Base.lproj/Main.storyboard; sourceTree = "<group>"; };
		AA95B7431BB6C91A00D6555C /* Assets.xcassets */ = {isa = PBXFileReference; lastKnownFileType = folder.assetcatalog; path = Assets.xcassets; sourceTree = "<group>"; };
		AA95B7461BB6C91A00D6555C /* Base */ = {isa = PBXFileReference; lastKnownFileType = file.storyboard; name = Base; path = Base.lproj/LaunchScreen.storyboard; sourceTree = "<group>"; };
		AA95B7481BB6C91A00D6555C /* Info.plist */ = {isa = PBXFileReference; lastKnownFileType = text.plist.xml; path = Info.plist; sourceTree = "<group>"; };
/* End PBXFileReference section */

/* Begin PBXFrameworksBuildPhase section */
		AA95B7361BB6C91900D6555C /* Frameworks */ = {
			isa = PBXFrameworksBuildPhase;
			buildActionMask = 2147483647;
			files = (
			);
			runOnlyForDeploymentPostprocessing = 0;
		};
/* End PBXFrameworksBuildPhase section */

/* Begin PBXGroup section */
		AA95B7301BB6C91900D6555C = {
			isa = PBXGroup;
			children = (
				AA95B73B1BB6C91A00D6555C /* Color Changer */,
				AA95B73A1BB6C91A00D6555C /* Products */,
			);
			sourceTree = "<group>";
		};
		AA95B73A1BB6C91A00D6555C /* Products */ = {
			isa = PBXGroup;
			children = (
				AA95B7391BB6C91A00D6555C /* Color Changer.app */,
			);
			name = Products;
			sourceTree = "<group>";
		};
		AA95B73B1BB6C91A00D6555C /* Color Changer */ = {
			isa = PBXGroup;
			children = (
				AA95B73C1BB6C91A00D6555C /* AppDelegate.swift */,
				AA95B73E1BB6C91A00D6555C /* ViewController.swift */,
				AA95B7401BB6C91A00D6555C /* Main.storyboard */,
				AA95B7431BB6C91A00D6555C /* Assets.xcassets */,
				AA95B7451BB6C91A00D6555C /* LaunchScreen.storyboard */,
				AA95B7481BB6C91A00D6555C /* Info.plist */,
			);
			path = "Color Changer";
			sourceTree = "<group>";
		};
/* End PBXGroup section */

/* Begin PBXNativeTarget section */
		AA95B7381BB6C91900D6555C /* Color Changer */ = {
			isa = PBXNativeTarget;
			buildConfigurationList = AA95B74B1BB6C91A00D6555C /* Build configuration list for PBXNativeTarget "Color Changer" */;
			buildPhases = (
				AA95B7351BB6C91900D6555C /* Sources */,
				AA95B7361BB6C91900D6555C /* Frameworks */,
				AA95B7371BB6C91900D6555C /* Resources */,
			);
			buildRules = (
			);
			dependencies = (
			);
			name = "Color Changer";
			productName = "Color Changer";
			productReference = AA95B7391BB6C91A00D6555C /* Color Changer.app */;
			productType = "com.apple.product-type.application";
		};
/* End PBXNativeTarget section */

/* Begin PBXProject section */
		AA95B7311BB6C91900D6555C /* Project object */ = {
			isa = PBXProject;
			attributes = {
				LastUpgradeCheck = 0700;
				ORGANIZATIONNAME = "Matt Southwell";
				TargetAttributes = {
					AA95B7381BB6C91900D6555C = {
						CreatedOnToolsVersion = 7.0;
					};
				};
			};
			buildConfigurationList = AA95B7341BB6C91900D6555C /* Build configuration list for PBXProject "Color Changer" */;
			compatibilityVersion = "Xcode 3.2";
			developmentRegion = English;
			hasScannedForEncodings = 0;
			knownRegions = (
				en,
				Base,
			);
			mainGroup = AA95B7301BB6C91900D6555C;
			productRefGroup = AA95B73A1BB6C91A00D6555C /* Products */;
			projectDirPath = "";
			projectRoot = "";
			targets = (
				AA95B7381BB6C91900D6555C /* Color Changer */,
			);
		};
/* End PBXProject section */

/* Begin PBXResourcesBuildPhase section */
		AA95B7371BB6C91900D6555C /* Resources */ = {
			isa = PBXResourcesBuildPhase;
			buildActionMask = 2147483647;
			files = (
				AA95B7471BB6C91A00D6555C /* LaunchScreen.storyboard in Resources */,
				AA95B7441BB6C91A00D6555C /* Assets.xcassets in Resources */,
				AA95B7421BB6C91A00D6555C /* Main.storyboard in Resources */,
			);
			runOnlyForDeploymentPostprocessing = 0;
		};
/* End PBXResourcesBuildPhase section */

/* Begin PBXSourcesBuildPhase section */
		AA95B7351BB6C91900D6555C /* Sources */ = {
			isa = PBXSourcesBuildPhase;
			buildActionMask = 2147483647;
			files = (
				AA95B73F1BB6C91A00D6555C /* ViewController.swift in Sources */,
				AA95B73D1BB6C91A00D6555C /* AppDelegate.swift in Sources */,
			);
			runOnlyForDeploymentPostprocessing = 0;
		};
/* End PBXSourcesBuildPhase section */

/* Begin PBXVariantGroup section */
		AA95B7401BB6C91A00D6555C /* Main.storyboard */ = {
			isa = PBXVariantGroup;
			children = (
				AA95B7411BB6C91A00D6555C /* Base */,
			);
			name = Main.storyboard;
			sourceTree = "<group>";
		};
		AA95B7451BB6C91A00D6555C /* LaunchScreen.storyboard */ = {
			isa = PBXVariantGroup;
			children = (
				AA95B7461BB6C91A00D6555C /* Base */,
			);
			name = LaunchScreen.storyboard;
			sourceTree = "<group>";
		};
/* End PBXVariantGroup section */

/* Begin XCBuildConfiguration section */
		AA95B7491BB6C91A00D6555C /* Debug */ = {
			isa = XCBuildConfiguration;
			buildSettings = {
				ALWAYS_SEARCH_USER_PATHS = NO;
				CLANG_CXX_LANGUAGE_STANDARD = "gnu++0x";
				CLANG_CXX_LIBRARY = "libc++";
				CLANG_ENABLE_MODULES = YES;
				CLANG_ENABLE_OBJC_ARC = YES;
				CLANG_WARN_BOOL_CONVERSION = YES;
				CLANG_WARN_CONSTANT_CONVERSION = YES;
				CLANG_WARN_DIRECT_OBJC_ISA_USAGE = YES_ERROR;
				CLANG_WARN_EMPTY_BODY = YES;
				CLANG_WARN_ENUM_CONVERSION = YES;
				CLANG_WARN_INT_CONVERSION = YES;
				CLANG_WARN_OBJC_ROOT_CLASS = YES_ERROR;
				CLANG_WARN_UNREACHABLE_CODE = YES;
				CLANG_WARN__DUPLICATE_METHOD_MATCH = YES;
				"CODE_SIGN_IDENTITY[sdk=iphoneos*]" = "iPhone Developer";
				COPY_PHASE_STRIP = NO;
				DEBUG_INFORMATION_FORMAT = dwarf;
				ENABLE_STRICT_OBJC_MSGSEND = YES;
				ENABLE_TESTABILITY = YES;
				GCC_C_LANGUAGE_STANDARD = gnu99;
				GCC_DYNAMIC_NO_PIC = NO;
				GCC_NO_COMMON_BLOCKS = YES;
				GCC_OPTIMIZATION_LEVEL = 0;
				GCC_PREPROCESSOR_DEFINITIONS = (
					"DEBUG=1",
					"$(inherited)",
				);
				GCC_WARN_64_TO_32_BIT_CONVERSION = YES;
				GCC_WARN_ABOUT_RETURN_TYPE = YES_ERROR;
				GCC_WARN_UNDECLARED_SELECTOR = YES;
				GCC_WARN_UNINITIALIZED_AUTOS = YES_AGGRESSIVE;
				GCC_WARN_UNUSED_FUNCTION = YES;
				GCC_WARN_UNUSED_VARIABLE = YES;
				IPHONEOS_DEPLOYMENT_TARGET = 9.0;
				MTL_ENABLE_DEBUG_INFO = YES;
				ONLY_ACTIVE_ARCH = YES;
				SDKROOT = iphoneos;
				SWIFT_OPTIMIZATION_LEVEL = "-Onone";
			};
			name = Debug;
		};
		AA95B74A1BB6C91A00D6555C /* Release */ = {
			isa = XCBuildConfiguration;
			buildSettings = {
				ALWAYS_SEARCH_USER_PATHS = NO;
				CLANG_CXX_LANGUAGE_STANDARD = "gnu++0x";
				CLANG_CXX_LIBRARY = "libc++";
				CLANG_ENABLE_MODULES = YES;
				CLANG_ENABLE_OBJC_ARC = YES;
				CLANG_WARN_BOOL_CONVERSION = YES;
				CLANG_WARN_CONSTANT_CONVERSION = YES;
				CLANG_WARN_DIRECT_OBJC_ISA_USAGE = YES_ERROR;
				CLANG_WARN_EMPTY_BODY = YES;
				CLANG_WARN_ENUM_CONVERSION = YES;
				CLANG_WARN_INT_CONVERSION = YES;
				CLANG_WARN_OBJC_ROOT_CLASS = YES_ERROR;
				CLANG_WARN_UNREACHABLE_CODE = YES;
				CLANG_WARN__DUPLICATE_METHOD_MATCH = YES;
				"CODE_SIGN_IDENTITY[sdk=iphoneos*]" = "iPhone Developer";
				COPY_PHASE_STRIP = NO;
				DEBUG_INFORMATION_FORMAT = "dwarf-with-dsym";
				ENABLE_NS_ASSERTIONS = NO;
				ENABLE_STRICT_OBJC_MSGSEND = YES;
				GCC_C_LANGUAGE_STANDARD = gnu99;
				GCC_NO_COMMON_BLOCKS = YES;
				GCC_WARN_64_TO_32_BIT_CONVERSION = YES;
				GCC_WARN_ABOUT_RETURN_TYPE = YES_ERROR;
				GCC_WARN_UNDECLARED_SELECTOR = YES;
				GCC_WARN_UNINITIALIZED_AUTOS = YES_AGGRESSIVE;
				GCC_WARN_UNUSED_FUNCTION = YES;
				GCC_WARN_UNUSED_VARIABLE = YES;
				IPHONEOS_DEPLOYMENT_TARGET = 9.0;
				MTL_ENABLE_DEBUG_INFO = NO;
				SDKROOT = iphoneos;
				VALIDATE_PRODUCT = YES;
			};
			name = Release;
		};
		AA95B74C1BB6C91A00D6555C /* Debug */ = {
			isa = XCBuildConfiguration;
			buildSettings = {
				ASSETCATALOG_COMPILER_APPICON_NAME = AppIcon;
				INFOPLIST_FILE = "Color Changer/Info.plist";
				LD_RUNPATH_SEARCH_PATHS = "$(inherited) @executable_path/Frameworks";
				PRODUCT_BUNDLE_IDENTIFIER = "southwell.matt.Color-Changer";
				PRODUCT_NAME = "$(TARGET_NAME)";
			};
			name = Debug;
		};
		AA95B74D1BB6C91A00D6555C /* Release */ = {
			isa = XCBuildConfiguration;
			buildSettings = {
				ASSETCATALOG_COMPILER_APPICON_NAME = AppIcon;
				INFOPLIST_FILE = "Color Changer/Info.plist";
				LD_RUNPATH_SEARCH_PATHS = "$(inherited) @executable_path/Frameworks";
				PRODUCT_BUNDLE_IDENTIFIER = "southwell.matt.Color-Changer";
				PRODUCT_NAME = "$(TARGET_NAME)";
			};
			name = Release;
		};
/* End XCBuildConfiguration section */

/* Begin XCConfigurationList section */
		AA95B7341BB6C91900D6555C /* Build configuration list for PBXProject "Color Changer" */ = {
			isa = XCConfigurationList;
			buildConfigurations = (
				AA95B7491BB6C91A00D6555C /* Debug */,
				AA95B74A1BB6C91A00D6555C /* Release */,
			);
			defaultConfigurationIsVisible = 0;
			defaultConfigurationName = Release;
		};
		AA95B74B1BB6C91A00D6555C /* Build configuration list for PBXNativeTarget "Color Changer" */ = {
			isa = XCConfigurationList;
			buildConfigurations = (
				AA95B74C1BB6C91A00D6555C /* Debug */,
				AA95B74D1BB6C91A00D6555C /* Release */,
			);
			defaultConfigurationIsVisible = 0;
		};
/* End XCConfigurationList section */
	};
	rootObject = AA95B7311BB6C91900D6555C /* Project object */;
}
